
Microsoft Visual Studio Solution File, Format Version 12.00
# Visual Studio Version 17
VisualStudioVersion = 17.5.33502.453
MinimumVisualStudioVersion = 10.0.40219.1
Project("{2150E333-8FDC-42A3-9474-1A3956D46DE8}") = "src", "src", "{7D65AFB8-86B5-4DE9-B566-C032B0994299}"
EndProject
Project("{2150E333-8FDC-42A3-9474-1A3956D46DE8}") = "Infrastructure", "Infrastructure", "{63F8197B-E8F1-47BA-A381-BA6D5D5C18A1}"
EndProject
Project("{2150E333-8FDC-42A3-9474-1A3956D46DE8}") = "Core", "Core", "{B5016F5A-89F0-416B-B26C-C5816839908F}"
EndProject
Project("{2150E333-8FDC-42A3-9474-1A3956D46DE8}") = "Presentation", "Presentation", "{18C91AA2-BE1F-4C16-AB49-3B2157AA0AB5}"
EndProject
Project("{9A19103F-16F7-4668-BE54-9A1E7A4F7556}") = "Application", "Application\Application.csproj", "{CD9FC9A2-890F-42CA-9681-0C1B50DCCF53}"
EndProject
Project("{9A19103F-16F7-4668-BE54-9A1E7A4F7556}") = "Domain", "Domain\Domain.csproj", "{7C2503FD-EDFC-476A-B5D8-640063413719}"
EndProject
Project("{9A19103F-16F7-4668-BE54-9A1E7A4F7556}") = "Persistance", "Persistance\Persistance.csproj", "{732EE266-7714-4AE0-A019-C8F7D2B01088}"
EndProject
Project("{9A19103F-16F7-4668-BE54-9A1E7A4F7556}") = "Shared", "Shared\Shared.csproj", "{A4638A07-224F-4C46-B7BC-667F186EA369}"
EndProject
Project("{9A19103F-16F7-4668-BE54-9A1E7A4F7556}") = "WebApi", "WebApi\WebApi.csproj", "{69DDEB34-B055-4748-9039-46EC2D0FD85D}"
EndProject
Project("{FAE04EC0-301F-11D3-BF4B-00C04F79EFBC}") = "Identity", "Identity\Identity.csproj", "{DA05BAD3-5A19-4A6E-9E17-6F08BB54A37F}"
EndProject
Global
	GlobalSection(SolutionConfigurationPlatforms) = preSolution
		Debug|Any CPU = Debug|Any CPU
		Release|Any CPU = Release|Any CPU
	EndGlobalSection
	GlobalSection(ProjectConfigurationPlatforms) = postSolution
		{CD9FC9A2-890F-42CA-9681-0C1B50DCCF53}.Debug|Any CPU.ActiveCfg = Debug|Any CPU
		{CD9FC9A2-890F-42CA-9681-0C1B50DCCF53}.Debug|Any CPU.Build.0 = Debug|Any CPU
		{CD9FC9A2-890F-42CA-9681-0C1B50DCCF53}.Release|Any CPU.ActiveCfg = Release|Any CPU
		{CD9FC9A2-890F-42CA-9681-0C1B50DCCF53}.Release|Any CPU.Build.0 = Release|Any CPU
		{7C2503FD-EDFC-476A-B5D8-640063413719}.Debug|Any CPU.ActiveCfg = Debug|Any CPU
		{7C2503FD-EDFC-476A-B5D8-640063413719}.Debug|Any CPU.Build.0 = Debug|Any CPU
		{7C2503FD-EDFC-476A-B5D8-640063413719}.Release|Any CPU.ActiveCfg = Release|Any CPU
		{7C2503FD-EDFC-476A-B5D8-640063413719}.Release|Any CPU.Build.0 = Release|Any CPU
		{732EE266-7714-4AE0-A019-C8F7D2B01088}.Debug|Any CPU.ActiveCfg = Debug|Any CPU
		{732EE266-7714-4AE0-A019-C8F7D2B01088}.Debug|Any CPU.Build.0 = Debug|Any CPU
		{732EE266-7714-4AE0-A019-C8F7D2B01088}.Release|Any CPU.ActiveCfg = Release|Any CPU
		{732EE266-7714-4AE0-A019-C8F7D2B01088}.Release|Any CPU.Build.0 = Release|Any CPU
		{A4638A07-224F-4C46-B7BC-667F186EA369}.Debug|Any CPU.ActiveCfg = Debug|Any CPU
		{A4638A07-224F-4C46-B7BC-667F186EA369}.Debug|Any CPU.Build.0 = Debug|Any CPU
		{A4638A07-224F-4C46-B7BC-667F186EA369}.Release|Any CPU.ActiveCfg = Release|Any CPU
		{A4638A07-224F-4C46-B7BC-667F186EA369}.Release|Any CPU.Build.0 = Release|Any CPU
		{69DDEB34-B055-4748-9039-46EC2D0FD85D}.Debug|Any CPU.ActiveCfg = Debug|Any CPU
		{69DDEB34-B055-4748-9039-46EC2D0FD85D}.Debug|Any CPU.Build.0 = Debug|Any CPU
		{69DDEB34-B055-4748-9039-46EC2D0FD85D}.Release|Any CPU.ActiveCfg = Release|Any CPU
		{69DDEB34-B055-4748-9039-46EC2D0FD85D}.Release|Any CPU.Build.0 = Release|Any CPU
		{DA05BAD3-5A19-4A6E-9E17-6F08BB54A37F}.Debug|Any CPU.ActiveCfg = Debug|Any CPU
		{DA05BAD3-5A19-4A6E-9E17-6F08BB54A37F}.Debug|Any CPU.Build.0 = Debug|Any CPU
		{DA05BAD3-5A19-4A6E-9E17-6F08BB54A37F}.Release|Any CPU.ActiveCfg = Release|Any CPU
		{DA05BAD3-5A19-4A6E-9E17-6F08BB54A37F}.Release|Any CPU.Build.0 = Release|Any CPU
	EndGlobalSection
	GlobalSection(SolutionProperties) = preSolution
		HideSolutionNode = FALSE
	EndGlobalSection
	GlobalSection(NestedProjects) = preSolution
		{63F8197B-E8F1-47BA-A381-BA6D5D5C18A1} = {7D65AFB8-86B5-4DE9-B566-C032B0994299}
		{B5016F5A-89F0-416B-B26C-C5816839908F} = {7D65AFB8-86B5-4DE9-B566-C032B0994299}
		{18C91AA2-BE1F-4C16-AB49-3B2157AA0AB5} = {7D65AFB8-86B5-4DE9-B566-C032B0994299}
		{CD9FC9A2-890F-42CA-9681-0C1B50DCCF53} = {B5016F5A-89F0-416B-B26C-C5816839908F}
		{7C2503FD-EDFC-476A-B5D8-640063413719} = {B5016F5A-89F0-416B-B26C-C5816839908F}
		{732EE266-7714-4AE0-A019-C8F7D2B01088} = {63F8197B-E8F1-47BA-A381-BA6D5D5C18A1}
		{A4638A07-224F-4C46-B7BC-667F186EA369} = {63F8197B-E8F1-47BA-A381-BA6D5D5C18A1}
		{69DDEB34-B055-4748-9039-46EC2D0FD85D} = {18C91AA2-BE1F-4C16-AB49-3B2157AA0AB5}
		{DA05BAD3-5A19-4A6E-9E17-6F08BB54A37F} = {63F8197B-E8F1-47BA-A381-BA6D5D5C18A1}
	EndGlobalSection
	GlobalSection(ExtensibilityGlobals) = postSolution
		SolutionGuid = {97ECE275-DB74-476A-AF31-515A9937BA4D}
	EndGlobalSection
EndGlobal
